
Microsoft Visual Studio Solution File, Format Version 12.00
# Visual Studio Version 16
VisualStudioVersion = 16.0.31729.503
MinimumVisualStudioVersion = 10.0.40219.1
Project("{FAE04EC0-301F-11D3-BF4B-00C04F79EFBC}") = "Coba New Repo Git", "Coba New Repo Git\Coba New Repo Git.csproj", "{0890D27A-BEB7-4AD3-98C9-430488A46C80}"
EndProject
Global
	GlobalSection(SolutionConfigurationPlatforms) = preSolution
		Debug|Any CPU = Debug|Any CPU
		Release|Any CPU = Release|Any CPU
	EndGlobalSection
	GlobalSection(ProjectConfigurationPlatforms) = postSolution
		{0890D27A-BEB7-4AD3-98C9-430488A46C80}.Debug|Any CPU.ActiveCfg = Debug|Any CPU
		{0890D27A-BEB7-4AD3-98C9-430488A46C80}.Debug|Any CPU.Build.0 = Debug|Any CPU
		{0890D27A-BEB7-4AD3-98C9-430488A46C80}.Release|Any CPU.ActiveCfg = Release|Any CPU
		{0890D27A-BEB7-4AD3-98C9-430488A46C80}.Release|Any CPU.Build.0 = Release|Any CPU
	EndGlobalSection
	GlobalSection(SolutionProperties) = preSolution
		HideSolutionNode = FALSE
	EndGlobalSection
	GlobalSection(ExtensibilityGlobals) = postSolution
		SolutionGuid = {AAA0468B-7257-4353-B276-27159905F1DE}
	EndGlobalSection
EndGlobal
